<?xml version="1.0" encoding="utf-8"?>
<Project ToolsVersion="4.0" xmlns="http://schemas.microsoft.com/developer/msbuild/2003">
  <ItemGroup>
    <ClCompile Include="..\..\..\..\source\libs\DiscordRichPresence\src\DiscordRichPresence\DiscordManager.cpp">
      <Filter>Source Files</Filter>
    </ClCompile>
  </ItemGroup>
  <ItemGroup>
    <ClInclude Include="..\..\..\..\source\libs\DiscordRichPresence\src\DiscordRichPresence\DiscordManager.h">
      <Filter>Header Files</Filter>
    </ClInclude>
    <ClInclude Include="..\..\..\..\source\libs\DiscordRichPresence\src\DiscordRichPresence\discord_game_sdk\discord.h">
      <Filter>Header Files</Filter>
    </ClInclude>
  </ItemGroup>
  <ItemGroup>
    <CustomBuild Include="..\..\..\..\source\libs\DiscordRichPresence\CMakeLists.txt" />
  </ItemGroup>
  <ItemGroup>
    <Filter Include="Header Files">
      <UniqueIdentifier>{B5F49498-5325-3029-B6BA-214E3A4A33FE}</UniqueIdentifier>
    </Filter>
    <Filter Include="Source Files">
      <UniqueIdentifier>{82D0ABF0-BB0C-365E-922D-81049699CF65}</UniqueIdentifier>
    </Filter>
  </ItemGroup>
</Project>
