<?xml version="1.0" encoding="utf-8"?>
<Project ToolsVersion="4.0" xmlns="http://schemas.microsoft.com/developer/msbuild/2003">
  <ItemGroup>
    <ClCompile Include="..\..\..\..\source\libs\GFXMainFrame\src\GFXMainFrame\GFXMainFrame.cpp">
      <Filter>Source Files</Filter>
    </ClCompile>
    <ClCompile Include="..\..\..\..\source\libs\GFXMainFrame\src\GFXMainFrame\GWnd.cpp">
      <Filter>Source Files</Filter>
    </ClCompile>
    <ClCompile Include="..\..\..\..\source\libs\GFXMainFrame\src\GFXMainFrame\GWndBase.cpp">
      <Filter>Source Files</Filter>
    </ClCompile>
    <ClCompile Include="..\..\..\..\source\libs\GFXMainFrame\src\GFXMainFrame\Process.cpp">
      <Filter>Source Files</Filter>
    </ClCompile>
    <ClCompile Include="..\..\..\..\source\libs\GFXMainFrame\src\GFXMainFrame\Camera.cpp">
      <Filter>Source Files</Filter>
    </ClCompile>
    <ClCompile Include="..\..\..\..\source\libs\GFXMainFrame\src\GFXMainFrame\Controler.cpp">
      <Filter>Source Files</Filter>
    </ClCompile>
  </ItemGroup>
  <ItemGroup>
    <ClInclude Include="..\..\..\..\source\libs\GFXMainFrame\src\GFXMainFrame\EntityManager.h">
      <Filter>Header Files</Filter>
    </ClInclude>
    <ClInclude Include="..\..\..\..\source\libs\GFXMainFrame\src\GFXMainFrame\GFXMainFrame.h">
      <Filter>Header Files</Filter>
    </ClInclude>
    <ClInclude Include="..\..\..\..\source\libs\GFXMainFrame\src\GFXMainFrame\GWnd.h">
      <Filter>Header Files</Filter>
    </ClInclude>
    <ClInclude Include="..\..\..\..\source\libs\GFXMainFrame\src\GFXMainFrame\GWndBase.h">
      <Filter>Header Files</Filter>
    </ClInclude>
    <ClInclude Include="..\..\..\..\source\libs\GFXMainFrame\src\GFXMainFrame\Process.h">
      <Filter>Header Files</Filter>
    </ClInclude>
    <ClInclude Include="..\..\..\..\source\libs\GFXMainFrame\src\GFXMainFrame\Camera.h">
      <Filter>Header Files</Filter>
    </ClInclude>
    <ClInclude Include="..\..\..\..\source\libs\GFXMainFrame\src\GFXMainFrame\Controler.h">
      <Filter>Header Files</Filter>
    </ClInclude>
  </ItemGroup>
  <ItemGroup>
    <CustomBuild Include="..\..\..\..\source\libs\GFXMainFrame\CMakeLists.txt" />
  </ItemGroup>
  <ItemGroup>
    <Filter Include="Header Files">
      <UniqueIdentifier>{B5F49498-5325-3029-B6BA-214E3A4A33FE}</UniqueIdentifier>
    </Filter>
    <Filter Include="Source Files">
      <UniqueIdentifier>{82D0ABF0-BB0C-365E-922D-81049699CF65}</UniqueIdentifier>
    </Filter>
  </ItemGroup>
</Project>
