<?xml version="1.0" encoding="utf-8"?>
<Project ToolsVersion="4.0" xmlns="http://schemas.microsoft.com/developer/msbuild/2003">
  <ItemGroup>
    <ClCompile Include="..\..\..\..\source\libs\ClientLib\src\CameraWorking.cpp">
      <Filter>Source Files</Filter>
    </ClCompile>
    <ClCompile Include="..\..\..\..\source\libs\ClientLib\src\Client.cpp">
      <Filter>Source Files</Filter>
    </ClCompile>
    <ClCompile Include="..\..\..\..\source\libs\ClientLib\src\Game.cpp">
      <Filter>Source Files</Filter>
    </ClCompile>
    <ClCompile Include="..\..\..\..\source\libs\ClientLib\src\GEffSoundBody.cpp">
      <Filter>Source Files</Filter>
    </ClCompile>
    <ClCompile Include="..\..\..\..\source\libs\ClientLib\src\GInterface.cpp">
      <Filter>Source Files</Filter>
    </ClCompile>
    <ClCompile Include="..\..\..\..\source\libs\ClientLib\src\GlobalDataManager.cpp">
      <Filter>Source Files</Filter>
    </ClCompile>
    <ClCompile Include="..\..\..\..\source\libs\ClientLib\src\IFButton.cpp">
      <Filter>Source Files</Filter>
    </ClCompile>
    <ClCompile Include="..\..\..\..\source\libs\ClientLib\src\IFChatViewer.cpp">
      <Filter>Source Files</Filter>
    </ClCompile>
    <ClCompile Include="..\..\..\..\source\libs\ClientLib\src\IFCloseButton.cpp">
      <Filter>Source Files</Filter>
    </ClCompile>
    <ClCompile Include="..\..\..\..\source\libs\ClientLib\src\IFDecoratedStatic.cpp">
      <Filter>Source Files</Filter>
    </ClCompile>
    <ClCompile Include="..\..\..\..\source\libs\ClientLib\src\IFDragableArea.cpp">
      <Filter>Source Files</Filter>
    </ClCompile>
    <ClCompile Include="..\..\..\..\source\libs\ClientLib\src\IFFrame.cpp">
      <Filter>Source Files</Filter>
    </ClCompile>
    <ClCompile Include="..\..\..\..\source\libs\ClientLib\src\IFMainFrame.cpp">
      <Filter>Source Files</Filter>
    </ClCompile>
    <ClCompile Include="..\..\..\..\source\libs\ClientLib\src\IFPlayerMiniInfo.cpp">
      <Filter>Source Files</Filter>
    </ClCompile>
    <ClCompile Include="..\..\..\..\source\libs\ClientLib\src\IFStatic.cpp">
      <Filter>Source Files</Filter>
    </ClCompile>
    <ClCompile Include="..\..\..\..\source\libs\ClientLib\src\IFSystemMessage.cpp">
      <Filter>Source Files</Filter>
    </ClCompile>
    <ClCompile Include="..\..\..\..\source\libs\ClientLib\src\IFTileWnd.cpp">
      <Filter>Source Files</Filter>
    </ClCompile>
    <ClCompile Include="..\..\..\..\source\libs\ClientLib\src\IFWnd.cpp">
      <Filter>Source Files</Filter>
    </ClCompile>
    <ClCompile Include="..\..\..\..\source\libs\ClientLib\src\IObject.cpp">
      <Filter>Source Files</Filter>
    </ClCompile>
    <ClCompile Include="..\..\..\..\source\libs\ClientLib\src\IRMManager.cpp">
      <Filter>Source Files</Filter>
    </ClCompile>
    <ClCompile Include="..\..\..\..\source\libs\ClientLib\src\is_this_important.cpp">
      <Filter>Source Files</Filter>
    </ClCompile>
    <ClCompile Include="..\..\..\..\source\libs\ClientLib\src\NavigationDeadreckon.cpp">
      <Filter>Source Files</Filter>
    </ClCompile>
    <ClCompile Include="..\..\..\..\source\libs\ClientLib\src\PSilkroad.cpp">
      <Filter>Source Files</Filter>
    </ClCompile>
    <ClCompile Include="..\..\..\..\source\libs\ClientLib\src\PSOuterInterface.cpp">
      <Filter>Source Files</Filter>
    </ClCompile>
    <ClCompile Include="..\..\..\..\source\libs\ClientLib\src\PSVersionCheck.cpp">
      <Filter>Source Files</Filter>
    </ClCompile>
    <ClCompile Include="..\..\..\..\source\libs\ClientLib\src\RTLoading.cpp">
      <Filter>Source Files</Filter>
    </ClCompile>
    <ClCompile Include="..\..\..\..\source\libs\ClientLib\src\StdAfx.cpp">
      <Filter>Source Files</Filter>
    </ClCompile>
    <ClCompile Include="..\..\..\..\source\libs\ClientLib\src\TextBoard.cpp">
      <Filter>Source Files</Filter>
    </ClCompile>
    <ClCompile Include="..\..\..\..\source\libs\ClientLib\src\unsorted.cpp">
      <Filter>Source Files</Filter>
    </ClCompile>
    <ClCompile Include="..\..\..\..\source\libs\ClientLib\src\AlramGuideMgrWnd.cpp">
      <Filter>Source Files</Filter>
    </ClCompile>
    <ClCompile Include="..\..\..\..\source\libs\ClientLib\src\IFConfirmReputationGuide.cpp">
      <Filter>Source Files</Filter>
    </ClCompile>
    <ClCompile Include="..\..\..\..\source\libs\ClientLib\src\IFEventGuide.cpp">
      <Filter>Source Files</Filter>
    </ClCompile>
    <ClCompile Include="..\..\..\..\source\libs\ClientLib\src\IFQuestInfoGuide.cpp">
      <Filter>Source Files</Filter>
    </ClCompile>
    <ClCompile Include="..\..\..\..\source\libs\ClientLib\src\IFLetterAlarmGuide.cpp">
      <Filter>Source Files</Filter>
    </ClCompile>
    <ClCompile Include="..\..\..\..\source\libs\ClientLib\src\IFServerEventGuide.cpp">
      <Filter>Source Files</Filter>
    </ClCompile>
    <ClCompile Include="..\..\..\..\source\libs\ClientLib\src\IFOpenMarketAlramGuide.cpp">
      <Filter>Source Files</Filter>
    </ClCompile>
    <ClCompile Include="..\..\..\..\source\libs\ClientLib\src\IFEventGuideSecond.cpp">
      <Filter>Source Files</Filter>
    </ClCompile>
    <ClCompile Include="..\..\..\..\source\libs\ClientLib\src\IFflorian0Guide.cpp">
      <Filter>Source Files</Filter>
    </ClCompile>
    <ClCompile Include="..\..\..\..\source\libs\ClientLib\src\PSQuickStart.cpp">
      <Filter>Source Files</Filter>
    </ClCompile>
    <ClCompile Include="..\..\..\..\source\libs\ClientLib\src\NIFUnderMenuBar.cpp">
      <Filter>Source Files</Filter>
    </ClCompile>
    <ClCompile Include="..\..\..\..\source\libs\ClientLib\src\TextStringManager.cpp">
      <Filter>Source Files</Filter>
    </ClCompile>
    <ClCompile Include="..\..\..\..\source\libs\ClientLib\src\IFNotify.cpp">
      <Filter>Source Files</Filter>
    </ClCompile>
    <ClCompile Include="..\..\..\..\source\libs\ClientLib\src\IFListCtrl.cpp">
      <Filter>Source Files</Filter>
    </ClCompile>
    <ClCompile Include="..\..\..\..\source\libs\ClientLib\src\LinkedScroll.cpp">
      <Filter>Source Files</Filter>
    </ClCompile>
    <ClCompile Include="..\..\..\..\source\libs\ClientLib\src\IFVerticalScroll.cpp">
      <Filter>Source Files</Filter>
    </ClCompile>
    <ClCompile Include="..\..\..\..\source\libs\ClientLib\src\IFScrollBar.cpp">
      <Filter>Source Files</Filter>
    </ClCompile>
    <ClCompile Include="..\..\..\..\source\libs\ClientLib\src\IFTextBox.cpp">
      <Filter>Source Files</Filter>
    </ClCompile>
    <ClCompile Include="..\..\..\..\source\libs\ClientLib\src\IFSelectableArea.cpp">
      <Filter>Source Files</Filter>
    </ClCompile>
    <ClCompile Include="..\..\..\..\source\libs\ClientLib\src\IFChatModeViewer.cpp">
      <Filter>Source Files</Filter>
    </ClCompile>
    <ClCompile Include="..\..\..\..\source\libs\ClientLib\src\ICPlayer.cpp">
      <Filter>Source Files</Filter>
    </ClCompile>
    <ClCompile Include="..\..\..\..\source\libs\ClientLib\src\ICUser.cpp">
      <Filter>Source Files</Filter>
    </ClCompile>
    <ClCompile Include="..\..\..\..\source\libs\ClientLib\src\IFEdit.cpp">
      <Filter>Source Files</Filter>
    </ClCompile>
    <ClCompile Include="..\..\..\..\source\libs\ClientLib\src\CharacterDependentData.cpp">
      <Filter>Source Files</Filter>
    </ClCompile>
    <ClCompile Include="..\..\..\..\source\libs\ClientLib\src\NIFCommunityWnd.cpp">
      <Filter>Source Files</Filter>
    </ClCompile>
    <ClCompile Include="..\..\..\..\source\libs\ClientLib\src\NIFBlockWnd.cpp">
      <Filter>Source Files</Filter>
    </ClCompile>
    <ClCompile Include="..\..\..\..\source\libs\ClientLib\src\ICharactor.cpp">
      <Filter>Source Files</Filter>
    </ClCompile>
    <ClCompile Include="..\..\..\..\source\libs\ClientLib\src\IGIDObject.cpp">
      <Filter>Source Files</Filter>
    </ClCompile>
    <ClCompile Include="..\..\..\..\source\libs\ClientLib\src\NetProcessSecond.cpp">
      <Filter>Source Files</Filter>
    </ClCompile>
    <ClCompile Include="..\..\..\..\source\libs\ClientLib\src\NetProcessThird.cpp">
      <Filter>Source Files</Filter>
    </ClCompile>
    <ClCompile Include="..\..\..\..\source\libs\ClientLib\src\PSMission.cpp">
      <Filter>Source Files</Filter>
    </ClCompile>
    <ClCompile Include="..\..\..\..\source\libs\ClientLib\src\GameCfg.cpp">
      <Filter>Source Files</Filter>
    </ClCompile>
    <ClCompile Include="..\..\..\..\source\libs\ClientLib\src\LocalTime.cpp">
      <Filter>Source Files</Filter>
    </ClCompile>
    <ClCompile Include="..\..\..\..\source\libs\ClientLib\src\IFflorian0.cpp">
      <Filter>Source Files</Filter>
    </ClCompile>
    <ClCompile Include="..\..\..\..\source\libs\ClientLib\src\CPSMission.cpp">
      <Filter>Source Files</Filter>
    </ClCompile>
    <ClCompile Include="..\..\..\..\source\libs\ClientLib\src\IFEquipment.cpp">
      <Filter>Source Files</Filter>
    </ClCompile>
    <ClCompile Include="..\..\..\..\source\libs\ClientLib\src\IFHelperBubbleWindow.cpp">
      <Filter>Source Files</Filter>
    </ClCompile>
    <ClCompile Include="..\..\..\..\source\libs\ClientLib\src\IFInventory.cpp">
      <Filter>Source Files</Filter>
    </ClCompile>
    <ClCompile Include="..\..\..\..\source\libs\ClientLib\src\IFMainPopup.cpp">
      <Filter>Source Files</Filter>
    </ClCompile>
    <ClCompile Include="..\..\..\..\source\libs\ClientLib\src\IFSlotWithHelp.cpp">
      <Filter>Source Files</Filter>
    </ClCompile>
    <ClCompile Include="..\..\..\..\source\libs\ClientLib\src\SOItem.cpp">
      <Filter>Source Files</Filter>
    </ClCompile>
    <ClCompile Include="..\..\..\..\source\libs\ClientLib\src\IFTaiXiuIcon.cpp">
      <Filter>Source Files</Filter>
    </ClCompile>
    <ClCompile Include="..\..\..\..\source\libs\ClientLib\src\hook.cpp">
      <Filter>Source Files</Filter>
    </ClCompile>
    <ClCompile Include="..\..\..\..\source\libs\ClientLib\src\MemoryHack.cpp">
      <Filter>Source Files</Filter>
    </ClCompile>
    <ClCompile Include="..\..\..\..\source\libs\ClientLib\src\CPSTitle.cpp">
      <Filter>Source Files</Filter>
    </ClCompile>
    <ClCompile Include="..\..\..\..\source\libs\ClientLib\src\IFNapThe.cpp">
      <Filter>Source Files</Filter>
    </ClCompile>
    <ClCompile Include="..\..\..\..\source\libs\ClientLib\src\NetProcessIn.cpp">
      <Filter>Source Files</Filter>
    </ClCompile>
    <ClCompile Include="..\..\..\..\source\libs\ClientLib\src\IFSkill.cpp">
      <Filter>Source Files</Filter>
    </ClCompile>
    <ClCompile Include="..\..\..\..\source\libs\ClientLib\src\NotificationHandler.cpp">
      <Filter>Source Files</Filter>
    </ClCompile>
    <ClCompile Include="..\..\..\..\source\libs\ClientLib\src\CMsgStreamBuffer.cpp">
      <Filter>Source Files</Filter>
    </ClCompile>
    <ClCompile Include="..\..\..\..\source\libs\ClientLib\src\IFStretchWnd.cpp">
      <Filter>Source Files</Filter>
    </ClCompile>
    <ClCompile Include="..\..\..\..\source\libs\ClientLib\src\IFCheckBox.cpp">
      <Filter>Source Files</Filter>
    </ClCompile>
    <ClCompile Include="..\..\..\..\source\libs\ClientLib\src\IFChatOptionBoard.cpp">
      <Filter>Source Files</Filter>
    </ClCompile>
    <ClCompile Include="..\..\..\..\source\libs\ClientLib\src\IFNormalTile.cpp">
      <Filter>Source Files</Filter>
    </ClCompile>
    <ClCompile Include="..\..\..\..\source\libs\ClientLib\src\IFDANGKYEVENT.cpp">
      <Filter>Source Files</Filter>
    </ClCompile>
    <ClCompile Include="..\..\..\..\source\libs\ClientLib\src\IFConsole.cpp">
      <Filter>Source Files</Filter>
    </ClCompile>
    <ClCompile Include="..\..\..\..\source\libs\ClientLib\src\IFSlotWithHelpForPackage.cpp">
      <Filter>Source Files</Filter>
    </ClCompile>
    <ClCompile Include="..\..\..\..\source\libs\ClientLib\src\ICCos.cpp">
      <Filter>Source Files</Filter>
    </ClCompile>
    <ClCompile Include="..\..\..\..\source\libs\ClientLib\src\IFTest.cpp">
      <Filter>Source Files</Filter>
    </ClCompile>
    <ClCompile Include="..\..\..\..\source\libs\ClientLib\src\IFWholeChat.cpp">
      <Filter>Source Files</Filter>
    </ClCompile>
    <ClCompile Include="..\..\..\..\source\libs\ClientLib\src\CInterfaceNetSender.cpp">
      <Filter>Source Files</Filter>
    </ClCompile>
    <ClCompile Include="..\..\..\..\source\libs\ClientLib\src\IFSpinButtonCtrl.cpp">
      <Filter>Source Files</Filter>
    </ClCompile>
    <ClCompile Include="..\..\..\..\source\libs\ClientLib\src\IFflorian0Runtime.cpp">
      <Filter>Source Files</Filter>
    </ClCompile>
    <ClCompile Include="..\..\..\..\source\libs\ClientLib\src\IFDailyLoginIcon.cpp">
      <Filter>Source Files</Filter>
    </ClCompile>
    <ClCompile Include="..\..\..\..\source\libs\ClientLib\src\IFSTChest.cpp">
      <Filter>Source Files</Filter>
    </ClCompile>
    <ClCompile Include="..\..\..\..\source\libs\ClientLib\src\IFSTChestSlotList.cpp">
      <Filter>Source Files</Filter>
    </ClCompile>
    <ClCompile Include="..\..\..\..\source\libs\ClientLib\src\IFSTChestSlot.cpp">
      <Filter>Source Files</Filter>
    </ClCompile>
    <ClCompile Include="..\..\..\..\source\libs\ClientLib\src\IFSpinControl.cpp">
      <Filter>Source Files</Filter>
    </ClCompile>
    <ClCompile Include="..\..\..\..\source\libs\ClientLib\src\IFSTOldLogin.cpp">
      <Filter>Source Files</Filter>
    </ClCompile>
    <ClCompile Include="..\..\..\..\source\libs\ClientLib\src\Packet.cpp">
      <Filter>Source Files</Filter>
    </ClCompile>
    <ClCompile Include="..\..\..\..\source\libs\ClientLib\src\memhelp.cpp">
      <Filter>Source Files</Filter>
    </ClCompile>
    <ClCompile Include="..\..\..\..\source\libs\ClientLib\src\IFSTChangeGrantName.cpp">
      <Filter>Source Files</Filter>
    </ClCompile>
    <ClCompile Include="..\..\..\..\source\libs\ClientLib\src\IFSTDpsMetter.cpp">
      <Filter>Source Files</Filter>
    </ClCompile>
    <ClCompile Include="..\..\..\..\source\libs\ClientLib\src\IFSTCharLock.cpp">
      <Filter>Source Files</Filter>
    </ClCompile>
    <ClCompile Include="..\..\..\..\source\libs\ClientLib\src\IFSTUniqueHistory.cpp">
      <Filter>Source Files</Filter>
    </ClCompile>
    <ClCompile Include="..\..\..\..\source\libs\ClientLib\src\IFSTUniqueHistorySlotList.cpp">
      <Filter>Source Files</Filter>
    </ClCompile>
    <ClCompile Include="..\..\..\..\source\libs\ClientLib\src\IFSTUniqueHistorySlot.cpp">
      <Filter>Source Files</Filter>
    </ClCompile>
    <ClCompile Include="..\..\..\..\source\libs\ClientLib\src\Rebot.cpp">
      <Filter>Source Files</Filter>
    </ClCompile>
    <ClCompile Include="..\..\..\..\source\libs\ClientLib\src\ChatViewerItemAction.cpp">
      <Filter>Source Files</Filter>
    </ClCompile>
    <ClCompile Include="..\..\..\..\source\libs\ClientLib\src\GameDataExt.cpp">
      <Filter>Source Files</Filter>
    </ClCompile>
    <ClCompile Include="..\..\..\..\source\libs\ClientLib\src\IFSTSwitchTitle.cpp">
      <Filter>Source Files</Filter>
    </ClCompile>
    <ClCompile Include="..\..\..\..\source\libs\ClientLib\src\IFSTCustomTitle.cpp">
      <Filter>Source Files</Filter>
    </ClCompile>
    <ClCompile Include="..\..\..\..\source\libs\ClientLib\src\IFSTConfirm.cpp">
      <Filter>Source Files</Filter>
    </ClCompile>
    <ClCompile Include="..\..\..\..\source\libs\ClientLib\src\IFSTCustomRank.cpp">
      <Filter>Source Files</Filter>
    </ClCompile>
    <ClCompile Include="..\..\..\..\source\libs\ClientLib\src\IFSTCustomRankList.cpp">
      <Filter>Source Files</Filter>
    </ClCompile>
    <ClCompile Include="..\..\..\..\source\libs\ClientLib\src\IFSTCustomRankSlot.cpp">
      <Filter>Source Files</Filter>
    </ClCompile>
    <ClCompile Include="..\..\..\..\source\libs\ClientLib\src\IFSTTaiXiu.cpp">
      <Filter>Source Files</Filter>
    </ClCompile>
    <ClCompile Include="..\..\..\..\source\libs\ClientLib\src\ICharactor_Class1.cpp">
      <Filter>Source Files</Filter>
    </ClCompile>
    <ClCompile Include="..\..\..\..\source\libs\ClientLib\src\ICharactor_Class2.cpp">
      <Filter>Source Files</Filter>
    </ClCompile>
    <ClCompile Include="..\..\..\..\source\libs\ClientLib\src\ICharactor_Class3.cpp">
      <Filter>Source Files</Filter>
    </ClCompile>
    <ClCompile Include="..\..\..\..\source\libs\ClientLib\src\ICharactor_Class4.cpp">
      <Filter>Source Files</Filter>
    </ClCompile>
    <ClCompile Include="..\..\..\..\source\libs\ClientLib\src\IFSTChestIcon.cpp">
      <Filter>Source Files</Filter>
    </ClCompile>
    <ClCompile Include="..\..\..\..\source\libs\ClientLib\src\IFSTEventTime.cpp">
      <Filter>Source Files</Filter>
    </ClCompile>
    <ClCompile Include="..\..\..\..\source\libs\ClientLib\src\IFSTEventTimeSlot.cpp">
      <Filter>Source Files</Filter>
    </ClCompile>
    <ClCompile Include="..\..\..\..\source\libs\ClientLib\src\IFSTEventTimeSlotList.cpp">
      <Filter>Source Files</Filter>
    </ClCompile>
    <ClCompile Include="..\..\..\..\source\libs\ClientLib\src\IFSTSurvivalKills.cpp">
      <Filter>Source Files</Filter>
    </ClCompile>
    <ClCompile Include="..\..\..\..\source\libs\ClientLib\src\IFSTDailyLogin.cpp">
      <Filter>Source Files</Filter>
    </ClCompile>
    <ClCompile Include="..\..\..\..\source\libs\ClientLib\src\IFSTTotalPoints.cpp">
      <Filter>Source Files</Filter>
    </ClCompile>
    <ClCompile Include="..\..\..\..\source\libs\ClientLib\src\IFSTTotalPointSlot.cpp">
      <Filter>Source Files</Filter>
    </ClCompile>
    <ClCompile Include="..\..\..\..\source\libs\ClientLib\src\IFSTTotalPointSlotList.cpp">
      <Filter>Source Files</Filter>
    </ClCompile>
    <ClCompile Include="..\..\..\..\source\libs\ClientLib\src\IFSTEventRegister.cpp">
      <Filter>Source Files</Filter>
    </ClCompile>
    <ClCompile Include="..\..\..\..\source\libs\ClientLib\src\IFSTEventRegisterSlot.cpp">
      <Filter>Source Files</Filter>
    </ClCompile>
    <ClCompile Include="..\..\..\..\source\libs\ClientLib\src\IFSTEventRegisterSlotList.cpp">
      <Filter>Source Files</Filter>
    </ClCompile>
    <ClCompile Include="..\..\..\..\source\libs\ClientLib\src\IFSTEventXoSoMienBac.cpp">
      <Filter>Source Files</Filter>
    </ClCompile>
    <ClCompile Include="..\..\..\..\source\libs\ClientLib\src\IFSTEventXoSoMienBacLichSu.cpp">
      <Filter>Source Files</Filter>
    </ClCompile>
    <ClCompile Include="..\..\..\..\source\libs\ClientLib\src\IFSTEventXoSoMienBacLichSuSlot.cpp">
      <Filter>Source Files</Filter>
    </ClCompile>
    <ClCompile Include="..\..\..\..\source\libs\ClientLib\src\IFSTEventXoSoMienBacLichSuSlotList.cpp">
      <Filter>Source Files</Filter>
    </ClCompile>
    <ClCompile Include="..\..\..\..\source\libs\ClientLib\src\IFSTLotteryEvent.cpp">
      <Filter>Source Files</Filter>
    </ClCompile>
    <ClCompile Include="..\..\..\..\source\libs\ClientLib\src\IFSTPvpChallenge.cpp">
      <Filter>Source Files</Filter>
    </ClCompile>
    <ClCompile Include="..\..\..\..\source\libs\ClientLib\src\IFSTPvpChallengeAnswer.cpp">
      <Filter>Source Files</Filter>
    </ClCompile>
    <ClCompile Include="..\..\..\..\source\libs\ClientLib\src\NIFWorldMap.cpp">
      <Filter>Source Files</Filter>
    </ClCompile>
    <ClCompile Include="..\..\..\..\source\libs\ClientLib\src\AnimationCallback.cpp">
      <Filter>Source Files</Filter>
    </ClCompile>
    <ClCompile Include="..\..\..\..\source\libs\ClientLib\src\CObjAnimation.cpp">
      <Filter>Source Files</Filter>
    </ClCompile>
    <ClCompile Include="..\..\..\..\source\libs\ClientLib\src\CompSimple.cpp">
      <Filter>Source Files</Filter>
    </ClCompile>
    <ClCompile Include="..\..\..\..\source\libs\ClientLib\src\PSCharacterSelect.cpp">
      <Filter>Source Files</Filter>
    </ClCompile>
    <ClCompile Include="..\..\..\..\source\libs\ClientLib\src\World.cpp">
      <Filter>Source Files</Filter>
    </ClCompile>
    <ClCompile Include="..\..\..\..\source\libs\ClientLib\src\IFFade.cpp">
      <Filter>Source Files</Filter>
    </ClCompile>
    <ClCompile Include="..\..\..\..\source\libs\ClientLib\src\Keyframe.cpp">
      <Filter>Source Files</Filter>
    </ClCompile>
    <ClCompile Include="..\..\..\..\source\libs\ClientLib\src\IFChatWndCtrl.cpp">
      <Filter>Source Files</Filter>
    </ClCompile>
    <ClCompile Include="..\..\..\..\source\libs\ClientLib\src\IFMessageBoxButton.cpp">
      <Filter>Source Files</Filter>
    </ClCompile>
    <ClCompile Include="..\..\..\..\source\libs\ClientLib\src\IFMessageBox.cpp">
      <Filter>Source Files</Filter>
    </ClCompile>
    <ClCompile Include="..\..\..\..\source\libs\ClientLib\src\MemoryHelper.cpp">
      <Filter>Source Files</Filter>
    </ClCompile>
    <ClCompile Include="..\..\..\..\source\libs\ClientLib\src\IFSTCharacterIcons.cpp">
      <Filter>Source Files</Filter>
    </ClCompile>
    <ClCompile Include="..\..\..\..\source\libs\ClientLib\src\UserGuildInfo.cpp">
      <Filter>Source Files</Filter>
    </ClCompile>
    <ClCompile Include="..\..\..\..\source\libs\ClientLib\src\IFSTReverseScrollPlus.cpp">
      <Filter>Source Files</Filter>
    </ClCompile>
    <ClCompile Include="..\..\..\..\source\libs\ClientLib\src\IFSTReverseScrollPlusSlotList.cpp">
      <Filter>Source Files</Filter>
    </ClCompile>
    <ClCompile Include="..\..\..\..\source\libs\ClientLib\src\IFSTReverseScrollPlusSlot.cpp">
      <Filter>Source Files</Filter>
    </ClCompile>
    <ClCompile Include="..\..\..\..\source\libs\ClientLib\src\IFSTFTWCounter.cpp">
      <Filter>Source Files</Filter>
    </ClCompile>
    <ClCompile Include="..\..\..\..\source\libs\ClientLib\src\Data\CharacterData.cpp">
      <Filter>Source Files</Filter>
    </ClCompile>
    <ClCompile Include="..\..\..\..\source\libs\ClientLib\src\IFSTCustomNPC.cpp">
      <Filter>Source Files</Filter>
    </ClCompile>
    <ClCompile Include="..\..\..\..\source\libs\ClientLib\src\IFSTCustomNPCList.cpp">
      <Filter>Source Files</Filter>
    </ClCompile>
    <ClCompile Include="..\..\..\..\source\libs\ClientLib\src\IFSTCustomNPCSlot.cpp">
      <Filter>Source Files</Filter>
    </ClCompile>
    <ClCompile Include="..\..\..\..\source\libs\ClientLib\src\IFSTCharItemInfo.cpp">
      <Filter>Source Files</Filter>
    </ClCompile>
    <ClCompile Include="..\..\..\..\source\libs\ClientLib\src\Pathfinder.cpp">
      <Filter>Source Files</Filter>
    </ClCompile>
    <ClCompile Include="..\..\..\..\source\libs\ClientLib\src\Node.cpp">
      <Filter>Source Files</Filter>
    </ClCompile>
    <ClCompile Include="..\..\..\..\source\libs\ClientLib\src\IFSTExtraFeature.cpp">
      <Filter>Source Files</Filter>
    </ClCompile>
    <ClCompile Include="..\..\..\..\source\libs\ClientLib\src\OptimizeCloth.cpp">
      <Filter>Source Files</Filter>
    </ClCompile>
    <ClCompile Include="..\..\..\..\source\libs\ClientLib\src\IFReBotIcon.cpp">
      <Filter>Source Files</Filter>
    </ClCompile>
    <ClCompile Include="..\..\..\..\source\libs\ClientLib\src\IFSTPetFilter.cpp">
      <Filter>Source Files</Filter>
    </ClCompile>
    <ClCompile Include="..\..\..\..\source\libs\ClientLib\src\IFCOS.cpp">
      <Filter>Source Files</Filter>
    </ClCompile>
    <ClCompile Include="..\..\..\..\source\libs\ClientLib\src\IFPlayerInfo.cpp">
      <Filter>Source Files</Filter>
    </ClCompile>
    <ClCompile Include="..\..\..\..\source\libs\ClientLib\src\IFCOSSetup.cpp">
      <Filter>Source Files</Filter>
    </ClCompile>
    <ClCompile Include="..\..\..\..\source\libs\ClientLib\src\IFSliderCtrl.cpp">
      <Filter>Source Files</Filter>
    </ClCompile>
    <ClCompile Include="..\..\..\..\source\libs\ClientLib\src\HWID Manager\utility.cpp">
      <Filter>Source Files</Filter>
    </ClCompile>
    <ClCompile Include="..\..\..\..\source\libs\ClientLib\src\HWID Manager\memmgr.cpp">
      <Filter>Source Files</Filter>
    </ClCompile>
    <ClCompile Include="..\..\..\..\source\libs\ClientLib\src\HWID Manager\md5.cpp">
      <Filter>Source Files</Filter>
    </ClCompile>
    <ClCompile Include="..\..\..\..\source\libs\ClientLib\src\HWID Manager\hwidmgr.cpp">
      <Filter>Source Files</Filter>
    </ClCompile>
    <ClCompile Include="..\..\..\..\source\libs\ClientLib\src\HWID Manager\CPacket.cpp">
      <Filter>Source Files</Filter>
    </ClCompile>
    <ClCompile Include="..\..\..\..\source\libs\ClientLib\src\HWID Manager\CEncryption.cpp">
      <Filter>Source Files</Filter>
    </ClCompile>
    <ClCompile Include="..\..\..\..\source\libs\ClientLib\src\HWID Manager\LoadHWID.cpp">
      <Filter>Source Files</Filter>
    </ClCompile>
    <ClCompile Include="..\..\..\..\source\libs\ClientLib\src\HWID\base64.cpp">
      <Filter>Source Files</Filter>
    </ClCompile>
    <ClCompile Include="..\..\..\..\source\libs\ClientLib\src\HWID\HawidManager.cpp">
      <Filter>Source Files</Filter>
    </ClCompile>
    <ClCompile Include="..\..\..\..\source\libs\ClientLib\src\HWID\md5.cpp">
      <Filter>Source Files</Filter>
    </ClCompile>
    <ClCompile Include="..\..\..\..\source\libs\ClientLib\src\IFPartyMatchReqJoin.cpp">
      <Filter>Source Files</Filter>
    </ClCompile>
    <ClCompile Include="..\..\..\..\source\libs\ClientLib\src\IFPartyMatch.cpp">
      <Filter>Source Files</Filter>
    </ClCompile>
    <ClCompile Include="..\..\..\..\source\libs\ClientLib\src\IFPartySlot.cpp">
      <Filter>Source Files</Filter>
    </ClCompile>
    <ClCompile Include="..\..\..\..\source\libs\ClientLib\src\IFParty.cpp">
      <Filter>Source Files</Filter>
    </ClCompile>
    <ClCompile Include="..\..\..\..\source\libs\ClientLib\src\IFSTStreamSetting.cpp">
      <Filter>Source Files</Filter>
    </ClCompile>
    <ClCompile Include="..\..\..\..\source\libs\ClientLib\src\IFSTStremSettingIcon.cpp">
      <Filter>Source Files</Filter>
    </ClCompile>
    <ClCompile Include="..\..\..\..\source\libs\ClientLib\src\IFTargetWindowJobPlayer.cpp">
      <Filter>Source Files</Filter>
    </ClCompile>
    <ClCompile Include="..\..\..\..\source\libs\ClientLib\src\IFBuffViewer.cpp">
      <Filter>Source Files</Filter>
    </ClCompile>
    <ClCompile Include="..\..\..\..\source\libs\ClientLib\src\IFTargetWindowPlayer.cpp">
      <Filter>Source Files</Filter>
    </ClCompile>
    <ClCompile Include="..\..\..\..\source\libs\ClientLib\src\IFTargetWindowCommonEnemy.cpp">
      <Filter>Source Files</Filter>
    </ClCompile>
    <ClCompile Include="..\..\..\..\source\libs\ClientLib\src\IFTargetWindowFortressStructure.cpp">
      <Filter>Source Files</Filter>
    </ClCompile>
    <ClCompile Include="..\..\..\..\source\libs\ClientLib\src\IFTargetWindowSpecialMob.cpp">
      <Filter>Source Files</Filter>
    </ClCompile>
    <ClCompile Include="..\..\..\..\source\libs\ClientLib\src\IFTargetWindow.cpp">
      <Filter>Source Files</Filter>
    </ClCompile>
    <ClCompile Include="..\..\..\..\source\libs\ClientLib\src\ICNonuser.cpp">
      <Filter>Source Files</Filter>
    </ClCompile>
    <ClCompile Include="..\..\..\..\source\libs\ClientLib\src\ICMonster.cpp">
      <Filter>Source Files</Filter>
    </ClCompile>
    <ClCompile Include="..\..\..\..\source\libs\ClientLib\src\IFSTConfimUrl.cpp">
      <Filter>Source Files</Filter>
    </ClCompile>
    <ClCompile Include="..\..\..\..\source\libs\ClientLib\src\NIFGuildWnd.cpp">
      <Filter>Source Files</Filter>
    </ClCompile>
    <ClCompile Include="..\..\..\..\source\libs\ClientLib\src\NIFButton.cpp">
      <Filter>Source Files</Filter>
    </ClCompile>
    <ClCompile Include="..\..\..\..\source\libs\ClientLib\src\IFMagicStateBoard.cpp">
      <Filter>Source Files</Filter>
    </ClCompile>
    <ClCompile Include="..\..\..\..\source\libs\ClientLib\src\IFSTMacro.cpp">
      <Filter>Source Files</Filter>
    </ClCompile>
    <ClCompile Include="..\..\..\..\source\libs\ClientLib\src\IFSTMacroAutoHunt.cpp">
      <Filter>Source Files</Filter>
    </ClCompile>
    <ClCompile Include="..\..\..\..\source\libs\ClientLib\src\IFPartyMatchSlot.cpp">
      <Filter>Source Files</Filter>
    </ClCompile>
    <ClCompile Include="..\..\..\..\source\libs\ClientLib\src\IFSTPartyMatchMemberViewer.cpp">
      <Filter>Source Files</Filter>
    </ClCompile>
    <ClCompile Include="..\..\..\..\source\libs\ClientLib\src\IFSTPartyMatchMemberViewerSlot.cpp">
      <Filter>Source Files</Filter>
    </ClCompile>
    <ClCompile Include="..\..\..\..\source\libs\ClientLib\src\IFSTPartyMatchMemberViewerSlotList.cpp">
      <Filter>Source Files</Filter>
    </ClCompile>
    <ClCompile Include="..\..\..\..\source\libs\ClientLib\src\IFExtQuickSlot.cpp">
      <Filter>Source Files</Filter>
    </ClCompile>
    <ClCompile Include="..\..\..\..\source\libs\ClientLib\src\IFExtQuickSlotSlot.cpp">
      <Filter>Source Files</Filter>
    </ClCompile>
    <ClCompile Include="..\..\..\..\source\libs\ClientLib\src\IFSlotWithHelpEx.cpp">
      <Filter>Source Files</Filter>
    </ClCompile>
    <ClCompile Include="..\..\..\..\source\libs\ClientLib\src\NIFWnd.cpp">
      <Filter>Source Files</Filter>
    </ClCompile>
    <ClCompile Include="..\..\..\..\source\libs\ClientLib\src\IFExtQuickSlotSecond.cpp">
      <Filter>Source Files</Filter>
    </ClCompile>
    <ClCompile Include="..\..\..\..\source\libs\ClientLib\src\IFExtQuickSlotOption.cpp">
      <Filter>Source Files</Filter>
    </ClCompile>
    <ClCompile Include="..\..\..\..\source\libs\ClientLib\src\IFExtQuickSecondSlotOption.cpp">
      <Filter>Source Files</Filter>
    </ClCompile>
    <ClCompile Include="..\..\..\..\source\libs\ClientLib\src\IFCircularMenuSlot.cpp">
      <Filter>Source Files</Filter>
    </ClCompile>
    <ClCompile Include="..\..\..\..\source\libs\ClientLib\src\IFCircularMenuFrame.cpp">
      <Filter>Source Files</Filter>
    </ClCompile>
    <ClCompile Include="..\..\..\..\source\libs\ClientLib\src\IFCircularMenu.cpp">
      <Filter>Source Files</Filter>
    </ClCompile>
    <ClCompile Include="..\..\..\..\source\libs\ClientLib\src\IFSTEffect.cpp">
      <Filter>Source Files</Filter>
    </ClCompile>
    <ClCompile Include="..\..\..\..\source\libs\ClientLib\src\NIFStatic.cpp">
      <Filter>Source Files</Filter>
    </ClCompile>
    <ClCompile Include="..\..\..\..\source\libs\ClientLib\src\NIFFrame.cpp">
      <Filter>Source Files</Filter>
    </ClCompile>
    <ClCompile Include="..\..\..\..\source\libs\ClientLib\src\NIFTileWnd.cpp">
      <Filter>Source Files</Filter>
    </ClCompile>
    <ClCompile Include="..\..\..\..\source\libs\ClientLib\src\NIFDragableArea.cpp">
      <Filter>Source Files</Filter>
    </ClCompile>
    <ClCompile Include="..\..\..\..\source\libs\ClientLib\src\NIFMainFrame.cpp">
      <Filter>Source Files</Filter>
    </ClCompile>
    <ClCompile Include="..\..\..\..\source\libs\ClientLib\src\NIFTextBoard.cpp">
      <Filter>Source Files</Filter>
    </ClCompile>
    <ClCompile Include="..\..\..\..\source\libs\ClientLib\src\NIRMManager.cpp">
      <Filter>Source Files</Filter>
    </ClCompile>
    <ClCompile Include="..\..\..\..\source\libs\ClientLib\src\IFCOSInfo.cpp">
      <Filter>Source Files</Filter>
    </ClCompile>
    <ClCompile Include="..\..\..\..\source\libs\ClientLib\src\IFCOSInventory.cpp">
      <Filter>Source Files</Filter>
    </ClCompile>
    <ClCompile Include="..\..\..\..\source\libs\ClientLib\src\IFPetMiniInfo.cpp">
      <Filter>Source Files</Filter>
    </ClCompile>
    <ClCompile Include="..\..\..\..\source\libs\ClientLib\src\IFSTMacroAutoBuffSlot.cpp">
      <Filter>Source Files</Filter>
    </ClCompile>
    <ClCompile Include="..\..\..\..\source\libs\ClientLib\src\IFSTMacroAutoBuffSlotList.cpp">
      <Filter>Source Files</Filter>
    </ClCompile>
    <ClCompile Include="..\..\..\..\source\libs\ClientLib\src\IFSTMacroAutoBuffSkillSlot.cpp">
      <Filter>Source Files</Filter>
    </ClCompile>
    <ClCompile Include="..\..\..\..\source\libs\ClientLib\src\IFSTMacroAutoBuffSkillSlotList.cpp">
      <Filter>Source Files</Filter>
    </ClCompile>
    <ClCompile Include="..\..\..\..\source\libs\ClientLib\src\IFSTMacroAutoBuffedSkillSlot.cpp">
      <Filter>Source Files</Filter>
    </ClCompile>
    <ClCompile Include="..\..\..\..\source\libs\ClientLib\src\IFSTMacroAutoBuffedSkillSlotList.cpp">
      <Filter>Source Files</Filter>
    </ClCompile>
    <ClCompile Include="..\..\..\..\source\libs\ClientLib\src\SilkRoadWeb\SilkroadWeb.cpp">
      <Filter>Source Files</Filter>
    </ClCompile>
    <ClCompile Include="..\..\..\..\source\libs\ClientLib\src\IFSTBloodEffect.cpp">
      <Filter>Source Files</Filter>
    </ClCompile>
    <ClCompile Include="..\..\..\..\source\libs\ClientLib\src\IFSTBattleRoyaleKillCount.cpp">
      <Filter>Source Files</Filter>
    </ClCompile>
    <ClCompile Include="..\..\..\..\source\libs\ClientLib\src\Data\IItem.cpp">
      <Filter>Source Files</Filter>
    </ClCompile>
    <ClCompile Include="..\..\..\..\source\libs\ClientLib\src\DropItemManager.cpp">
      <Filter>Source Files</Filter>
    </ClCompile>
  </ItemGroup>
  <ItemGroup>
    <ClInclude Include="..\..\..\..\source\libs\ClientLib\src\BufRender.h">
      <Filter>Header Files</Filter>
    </ClInclude>
    <ClInclude Include="..\..\..\..\source\libs\ClientLib\src\CameraWorking.h">
      <Filter>Header Files</Filter>
    </ClInclude>
    <ClInclude Include="..\..\..\..\source\libs\ClientLib\src\Client.h">
      <Filter>Header Files</Filter>
    </ClInclude>
    <ClInclude Include="..\..\..\..\source\libs\ClientLib\src\Data\ActionWndData.h">
      <Filter>Header Files</Filter>
    </ClInclude>
    <ClInclude Include="..\..\..\..\source\libs\ClientLib\src\Data\CharacterData.h">
      <Filter>Header Files</Filter>
    </ClInclude>
    <ClInclude Include="..\..\..\..\source\libs\ClientLib\src\Data\DropGoldData.h">
      <Filter>Header Files</Filter>
    </ClInclude>
    <ClInclude Include="..\..\..\..\source\libs\ClientLib\src\Data\GachaNpcData.h">
      <Filter>Header Files</Filter>
    </ClInclude>
    <ClInclude Include="..\..\..\..\source\libs\ClientLib\src\Data\GameGuideData.h">
      <Filter>Header Files</Filter>
    </ClInclude>
    <ClInclude Include="..\..\..\..\source\libs\ClientLib\src\Data\ItemData.h">
      <Filter>Header Files</Filter>
    </ClInclude>
    <ClInclude Include="..\..\..\..\source\libs\ClientLib\src\Data\LevelData.h">
      <Filter>Header Files</Filter>
    </ClInclude>
    <ClInclude Include="..\..\..\..\source\libs\ClientLib\src\Data\LevelGoldData.h">
      <Filter>Header Files</Filter>
    </ClInclude>
    <ClInclude Include="..\..\..\..\source\libs\ClientLib\src\Data\MagicOptionData.h">
      <Filter>Header Files</Filter>
    </ClInclude>
    <ClInclude Include="..\..\..\..\source\libs\ClientLib\src\Data\MallItemMenuListData.h">
      <Filter>Header Files</Filter>
    </ClInclude>
    <ClInclude Include="..\..\..\..\source\libs\ClientLib\src\Data\MessageTipData.h">
      <Filter>Header Files</Filter>
    </ClInclude>
    <ClInclude Include="..\..\..\..\source\libs\ClientLib\src\Data\NPCChatData.h">
      <Filter>Header Files</Filter>
    </ClInclude>
    <ClInclude Include="..\..\..\..\source\libs\ClientLib\src\Data\NPCPosData.h">
      <Filter>Header Files</Filter>
    </ClInclude>
    <ClInclude Include="..\..\..\..\source\libs\ClientLib\src\Data\QuestData.h">
      <Filter>Header Files</Filter>
    </ClInclude>
    <ClInclude Include="..\..\..\..\source\libs\ClientLib\src\Data\RefPackageItemData.h">
      <Filter>Header Files</Filter>
    </ClInclude>
    <ClInclude Include="..\..\..\..\source\libs\ClientLib\src\Data\RefPricePolicyOfItem.h">
      <Filter>Header Files</Filter>
    </ClInclude>
    <ClInclude Include="..\..\..\..\source\libs\ClientLib\src\Data\RefScrapOfPackageItemData.h">
      <Filter>Header Files</Filter>
    </ClInclude>
    <ClInclude Include="..\..\..\..\source\libs\ClientLib\src\Data\RefShopdata.h">
      <Filter>Header Files</Filter>
    </ClInclude>
    <ClInclude Include="..\..\..\..\source\libs\ClientLib\src\Data\RefShopTabData.h">
      <Filter>Header Files</Filter>
    </ClInclude>
    <ClInclude Include="..\..\..\..\source\libs\ClientLib\src\Data\RefShopTabGroupData.h">
      <Filter>Header Files</Filter>
    </ClInclude>
    <ClInclude Include="..\..\..\..\source\libs\ClientLib\src\Data\ShopItemStockPeriod.h">
      <Filter>Header Files</Filter>
    </ClInclude>
    <ClInclude Include="..\..\..\..\source\libs\ClientLib\src\Data\ShopItemStockQuantity.h">
      <Filter>Header Files</Filter>
    </ClInclude>
    <ClInclude Include="..\..\..\..\source\libs\ClientLib\src\Data\TeleportBuilding.h">
      <Filter>Header Files</Filter>
    </ClInclude>
    <ClInclude Include="..\..\..\..\source\libs\ClientLib\src\Data\TeleportData.h">
      <Filter>Header Files</Filter>
    </ClInclude>
    <ClInclude Include="..\..\..\..\source\libs\ClientLib\src\Data\TeleportLink.h">
      <Filter>Header Files</Filter>
    </ClInclude>
    <ClInclude Include="..\..\..\..\source\libs\ClientLib\src\DxSound.h">
      <Filter>Header Files</Filter>
    </ClInclude>
    <ClInclude Include="..\..\..\..\source\libs\ClientLib\src\EntityManagerClient.h">
      <Filter>Header Files</Filter>
    </ClInclude>
    <ClInclude Include="..\..\..\..\source\libs\ClientLib\src\Game.h">
      <Filter>Header Files</Filter>
    </ClInclude>
    <ClInclude Include="..\..\..\..\source\libs\ClientLib\src\GEffSound.h">
      <Filter>Header Files</Filter>
    </ClInclude>
    <ClInclude Include="..\..\..\..\source\libs\ClientLib\src\GEffSoundBody.h">
      <Filter>Header Files</Filter>
    </ClInclude>
    <ClInclude Include="..\..\..\..\source\libs\ClientLib\src\GInterface.h">
      <Filter>Header Files</Filter>
    </ClInclude>
    <ClInclude Include="..\..\..\..\source\libs\ClientLib\src\GlobalDataManager.h">
      <Filter>Header Files</Filter>
    </ClInclude>
    <ClInclude Include="..\..\..\..\source\libs\ClientLib\src\GlobalHelpersThatHaveNoHomeYet.h">
      <Filter>Header Files</Filter>
    </ClInclude>
    <ClInclude Include="..\..\..\..\source\libs\ClientLib\src\GObj.h">
      <Filter>Header Files</Filter>
    </ClInclude>
    <ClInclude Include="..\..\..\..\source\libs\ClientLib\src\IDxSound.h">
      <Filter>Header Files</Filter>
    </ClInclude>
    <ClInclude Include="..\..\..\..\source\libs\ClientLib\src\IFAction.h">
      <Filter>Header Files</Filter>
    </ClInclude>
    <ClInclude Include="..\..\..\..\source\libs\ClientLib\src\IFApprenticeShip.h">
      <Filter>Header Files</Filter>
    </ClInclude>
    <ClInclude Include="..\..\..\..\source\libs\ClientLib\src\IFApprenticeShipSlot.h">
      <Filter>Header Files</Filter>
    </ClInclude>
    <ClInclude Include="..\..\..\..\source\libs\ClientLib\src\IFButton.h">
      <Filter>Header Files</Filter>
    </ClInclude>
    <ClInclude Include="..\..\..\..\source\libs\ClientLib\src\IFChatViewer.h">
      <Filter>Header Files</Filter>
    </ClInclude>
    <ClInclude Include="..\..\..\..\source\libs\ClientLib\src\IFCloseButton.h">
      <Filter>Header Files</Filter>
    </ClInclude>
    <ClInclude Include="..\..\..\..\source\libs\ClientLib\src\IFConsole.h">
      <Filter>Header Files</Filter>
    </ClInclude>
    <ClInclude Include="..\..\..\..\source\libs\ClientLib\src\IFDecoratedStatic.h">
      <Filter>Header Files</Filter>
    </ClInclude>
    <ClInclude Include="..\..\..\..\source\libs\ClientLib\src\IFDragableArea.h">
      <Filter>Header Files</Filter>
    </ClInclude>
    <ClInclude Include="..\..\..\..\source\libs\ClientLib\src\IFEdit.h">
      <Filter>Header Files</Filter>
    </ClInclude>
    <ClInclude Include="..\..\..\..\source\libs\ClientLib\src\IFEquipment.h">
      <Filter>Header Files</Filter>
    </ClInclude>
    <ClInclude Include="..\..\..\..\source\libs\ClientLib\src\IFFade.h">
      <Filter>Header Files</Filter>
    </ClInclude>
    <ClInclude Include="..\..\..\..\source\libs\ClientLib\src\IFFrame.h">
      <Filter>Header Files</Filter>
    </ClInclude>
    <ClInclude Include="..\..\..\..\source\libs\ClientLib\src\IFGauge.h">
      <Filter>Header Files</Filter>
    </ClInclude>
    <ClInclude Include="..\..\..\..\source\libs\ClientLib\src\IFHelperBubbleWindow.h">
      <Filter>Header Files</Filter>
    </ClInclude>
    <ClInclude Include="..\..\..\..\source\libs\ClientLib\src\IFInventory.h">
      <Filter>Header Files</Filter>
    </ClInclude>
    <ClInclude Include="..\..\..\..\source\libs\ClientLib\src\IFMainFrame.h">
      <Filter>Header Files</Filter>
    </ClInclude>
    <ClInclude Include="..\..\..\..\source\libs\ClientLib\src\IFMainPopup.h">
      <Filter>Header Files</Filter>
    </ClInclude>
    <ClInclude Include="..\..\..\..\source\libs\ClientLib\src\IFNPCTalk.h">
      <Filter>Header Files</Filter>
    </ClInclude>
    <ClInclude Include="..\..\..\..\source\libs\ClientLib\src\IFNPCWindow.h">
      <Filter>Header Files</Filter>
    </ClInclude>
    <ClInclude Include="..\..\..\..\source\libs\ClientLib\src\IFParty.h">
      <Filter>Header Files</Filter>
    </ClInclude>
    <ClInclude Include="..\..\..\..\source\libs\ClientLib\src\IFPartySlot.h">
      <Filter>Header Files</Filter>
    </ClInclude>
    <ClInclude Include="..\..\..\..\source\libs\ClientLib\src\IFPlayerInfo.h">
      <Filter>Header Files</Filter>
    </ClInclude>
    <ClInclude Include="..\..\..\..\source\libs\ClientLib\src\IFPlayerMiniInfo.h">
      <Filter>Header Files</Filter>
    </ClInclude>
    <ClInclude Include="..\..\..\..\source\libs\ClientLib\src\IFPractice.h">
      <Filter>Header Files</Filter>
    </ClInclude>
    <ClInclude Include="..\..\..\..\source\libs\ClientLib\src\IFQuest.h">
      <Filter>Header Files</Filter>
    </ClInclude>
    <ClInclude Include="..\..\..\..\source\libs\ClientLib\src\IFQuickStateHalfWnd.h">
      <Filter>Header Files</Filter>
    </ClInclude>
    <ClInclude Include="..\..\..\..\source\libs\ClientLib\src\IFQuickStateWnd.h">
      <Filter>Header Files</Filter>
    </ClInclude>
    <ClInclude Include="..\..\..\..\source\libs\ClientLib\src\IFScrollManager.h">
      <Filter>Header Files</Filter>
    </ClInclude>
    <ClInclude Include="..\..\..\..\source\libs\ClientLib\src\IFSelectableArea.h">
      <Filter>Header Files</Filter>
    </ClInclude>
    <ClInclude Include="..\..\..\..\source\libs\ClientLib\src\IFSkill.h">
      <Filter>Header Files</Filter>
    </ClInclude>
    <ClInclude Include="..\..\..\..\source\libs\ClientLib\src\IFSkillBoard.h">
      <Filter>Header Files</Filter>
    </ClInclude>
    <ClInclude Include="..\..\..\..\source\libs\ClientLib\src\IFSkillPracticeBox.h">
      <Filter>Header Files</Filter>
    </ClInclude>
    <ClInclude Include="..\..\..\..\source\libs\ClientLib\src\IFSlotWithHelp.h">
      <Filter>Header Files</Filter>
    </ClInclude>
    <ClInclude Include="..\..\..\..\source\libs\ClientLib\src\IFSpinButtonCtrl.h">
      <Filter>Header Files</Filter>
    </ClInclude>
    <ClInclude Include="..\..\..\..\source\libs\ClientLib\src\IFStatic.h">
      <Filter>Header Files</Filter>
    </ClInclude>
    <ClInclude Include="..\..\..\..\source\libs\ClientLib\src\IFStaticWithPictureClip.h">
      <Filter>Header Files</Filter>
    </ClInclude>
    <ClInclude Include="..\..\..\..\source\libs\ClientLib\src\IFSystemMessage.h">
      <Filter>Header Files</Filter>
    </ClInclude>
    <ClInclude Include="..\..\..\..\source\libs\ClientLib\src\IFStorageRoom.h">
      <Filter>Header Files</Filter>
    </ClInclude>
    <ClInclude Include="..\..\..\..\source\libs\ClientLib\src\IFStoreForPackage.h">
      <Filter>Header Files</Filter>
    </ClInclude>
    <ClInclude Include="..\..\..\..\source\libs\ClientLib\src\IFStretchWnd.h">
      <Filter>Header Files</Filter>
    </ClInclude>
    <ClInclude Include="..\..\..\..\source\libs\ClientLib\src\IFSupporterChatWnd.h">
      <Filter>Header Files</Filter>
    </ClInclude>
    <ClInclude Include="..\..\..\..\source\libs\ClientLib\src\IFTextBox.h">
      <Filter>Header Files</Filter>
    </ClInclude>
    <ClInclude Include="..\..\..\..\source\libs\ClientLib\src\IFTileWnd.h">
      <Filter>Header Files</Filter>
    </ClInclude>
    <ClInclude Include="..\..\..\..\source\libs\ClientLib\src\IFTimerWnd.h">
      <Filter>Header Files</Filter>
    </ClInclude>
    <ClInclude Include="..\..\..\..\source\libs\ClientLib\src\IFWnd.h">
      <Filter>Header Files</Filter>
    </ClInclude>
    <ClInclude Include="..\..\..\..\source\libs\ClientLib\src\IObject.h">
      <Filter>Header Files</Filter>
    </ClInclude>
    <ClInclude Include="..\..\..\..\source\libs\ClientLib\src\IRMManager.h">
      <Filter>Header Files</Filter>
    </ClInclude>
    <ClInclude Include="..\..\..\..\source\libs\ClientLib\src\is_this_important.h">
      <Filter>Header Files</Filter>
    </ClInclude>
    <ClInclude Include="..\..\..\..\source\libs\ClientLib\src\MessageBoxManager.h">
      <Filter>Header Files</Filter>
    </ClInclude>
    <ClInclude Include="..\..\..\..\source\libs\ClientLib\src\NavigationDeadreckon.h">
      <Filter>Header Files</Filter>
    </ClInclude>
    <ClInclude Include="..\..\..\..\source\libs\ClientLib\src\PSilkroad.h">
      <Filter>Header Files</Filter>
    </ClInclude>
    <ClInclude Include="..\..\..\..\source\libs\ClientLib\src\PSOuterInterface.h">
      <Filter>Header Files</Filter>
    </ClInclude>
    <ClInclude Include="..\..\..\..\source\libs\ClientLib\src\PSVersionCheck.h">
      <Filter>Header Files</Filter>
    </ClInclude>
    <ClInclude Include="..\..\..\..\source\libs\ClientLib\src\RTLoading.h">
      <Filter>Header Files</Filter>
    </ClInclude>
    <ClInclude Include="..\..\..\..\source\libs\ClientLib\src\StdAfx.h">
      <Filter>Header Files</Filter>
    </ClInclude>
    <ClInclude Include="..\..\..\..\source\libs\ClientLib\src\StringUtils.h">
      <Filter>Header Files</Filter>
    </ClInclude>
    <ClInclude Include="..\..\..\..\source\libs\ClientLib\src\TextBoard.h">
      <Filter>Header Files</Filter>
    </ClInclude>
    <ClInclude Include="..\..\..\..\source\libs\ClientLib\src\unsorted.h">
      <Filter>Header Files</Filter>
    </ClInclude>
    <ClInclude Include="..\..\..\..\source\libs\ClientLib\src\AlramGuideMgrWnd.h">
      <Filter>Header Files</Filter>
    </ClInclude>
    <ClInclude Include="..\..\..\..\source\libs\ClientLib\src\IFConfirmReputationGuide.h">
      <Filter>Header Files</Filter>
    </ClInclude>
    <ClInclude Include="..\..\..\..\source\libs\ClientLib\src\IFEventGuide.h">
      <Filter>Header Files</Filter>
    </ClInclude>
    <ClInclude Include="..\..\..\..\source\libs\ClientLib\src\IFQuestInfoGuide.h">
      <Filter>Header Files</Filter>
    </ClInclude>
    <ClInclude Include="..\..\..\..\source\libs\ClientLib\src\IFLetterAlarmGuide.h">
      <Filter>Header Files</Filter>
    </ClInclude>
    <ClInclude Include="..\..\..\..\source\libs\ClientLib\src\IFServerEventGuide.h">
      <Filter>Header Files</Filter>
    </ClInclude>
    <ClInclude Include="..\..\..\..\source\libs\ClientLib\src\IFOpenMarketAlramGuide.h">
      <Filter>Header Files</Filter>
    </ClInclude>
    <ClInclude Include="..\..\..\..\source\libs\ClientLib\src\IFEventGuideSecond.h">
      <Filter>Header Files</Filter>
    </ClInclude>
    <ClInclude Include="..\..\..\..\source\libs\ClientLib\src\IFflorian0Guide.h">
      <Filter>Header Files</Filter>
    </ClInclude>
    <ClInclude Include="..\..\..\..\source\libs\ClientLib\src\PSQuickStart.h">
      <Filter>Header Files</Filter>
    </ClInclude>
    <ClInclude Include="..\..\..\..\source\libs\ClientLib\src\NIFUnderMenuBar.h">
      <Filter>Header Files</Filter>
    </ClInclude>
    <ClInclude Include="..\..\..\..\source\libs\ClientLib\src\TextStringManager.h">
      <Filter>Header Files</Filter>
    </ClInclude>
    <ClInclude Include="..\..\..\..\source\libs\ClientLib\src\IFNotify.h">
      <Filter>Header Files</Filter>
    </ClInclude>
    <ClInclude Include="..\..\..\..\source\libs\ClientLib\src\IFListCtrl.h">
      <Filter>Header Files</Filter>
    </ClInclude>
    <ClInclude Include="..\..\..\..\source\libs\ClientLib\src\LinkedScroll.h">
      <Filter>Header Files</Filter>
    </ClInclude>
    <ClInclude Include="..\..\..\..\source\libs\ClientLib\src\IFVerticalScroll.h">
      <Filter>Header Files</Filter>
    </ClInclude>
    <ClInclude Include="..\..\..\..\source\libs\ClientLib\src\IFScrollBar.h">
      <Filter>Header Files</Filter>
    </ClInclude>
    <ClInclude Include="..\..\..\..\source\libs\ClientLib\src\IFChatModeViewer.h">
      <Filter>Header Files</Filter>
    </ClInclude>
    <ClInclude Include="..\..\..\..\source\libs\ClientLib\src\ICPlayer.h">
      <Filter>Header Files</Filter>
    </ClInclude>
    <ClInclude Include="..\..\..\..\source\libs\ClientLib\src\SOItem.h">
      <Filter>Header Files</Filter>
    </ClInclude>
    <ClInclude Include="..\..\..\..\source\libs\ClientLib\src\ICUser.h">
      <Filter>Header Files</Filter>
    </ClInclude>
    <ClInclude Include="..\..\..\..\source\libs\ClientLib\src\SRO_MSG_DEF.h">
      <Filter>Header Files</Filter>
    </ClInclude>
    <ClInclude Include="..\..\..\..\source\libs\ClientLib\src\CharacterDependentData.h">
      <Filter>Header Files</Filter>
    </ClInclude>
    <ClInclude Include="..\..\..\..\source\libs\ClientLib\src\NIFCommunityWnd.h">
      <Filter>Header Files</Filter>
    </ClInclude>
    <ClInclude Include="..\..\..\..\source\libs\ClientLib\src\NIFBlockWnd.h">
      <Filter>Header Files</Filter>
    </ClInclude>
    <ClInclude Include="..\..\..\..\source\libs\ClientLib\src\ICharactor.h">
      <Filter>Header Files</Filter>
    </ClInclude>
    <ClInclude Include="..\..\..\..\source\libs\ClientLib\src\ClassLink.h">
      <Filter>Header Files</Filter>
    </ClInclude>
    <ClInclude Include="..\..\..\..\source\libs\ClientLib\src\IGIDObject.h">
      <Filter>Header Files</Filter>
    </ClInclude>
    <ClInclude Include="..\..\..\..\source\libs\ClientLib\src\NetProcessIn.h">
      <Filter>Header Files</Filter>
    </ClInclude>
    <ClInclude Include="..\..\..\..\source\libs\ClientLib\src\NetProcessSecond.h">
      <Filter>Header Files</Filter>
    </ClInclude>
    <ClInclude Include="..\..\..\..\source\libs\ClientLib\src\NetProcessThird.h">
      <Filter>Header Files</Filter>
    </ClInclude>
    <ClInclude Include="..\..\..\..\source\libs\ClientLib\src\PSMission.h">
      <Filter>Header Files</Filter>
    </ClInclude>
    <ClInclude Include="..\..\..\..\source\libs\ClientLib\src\GameCfg.h">
      <Filter>Header Files</Filter>
    </ClInclude>
    <ClInclude Include="..\..\..\..\source\libs\ClientLib\src\LocalTime.h">
      <Filter>Header Files</Filter>
    </ClInclude>
    <ClInclude Include="..\..\..\..\source\libs\ClientLib\src\IFflorian0.h">
      <Filter>Header Files</Filter>
    </ClInclude>
    <ClInclude Include="..\..\..\..\source\libs\ClientLib\src\CPSMission.h">
      <Filter>Header Files</Filter>
    </ClInclude>
    <ClInclude Include="..\..\..\..\source\libs\ClientLib\src\ObjectData.h">
      <Filter>Header Files</Filter>
    </ClInclude>
    <ClInclude Include="..\..\..\..\source\libs\ClientLib\src\IFTaiXiuIcon.h">
      <Filter>Header Files</Filter>
    </ClInclude>
    <ClInclude Include="..\..\..\..\source\libs\ClientLib\src\hook.h">
      <Filter>Header Files</Filter>
    </ClInclude>
    <ClInclude Include="..\..\..\..\source\libs\ClientLib\src\MemoryHack.h">
      <Filter>Header Files</Filter>
    </ClInclude>
    <ClInclude Include="..\..\..\..\source\libs\ClientLib\src\CPSTitle.h">
      <Filter>Header Files</Filter>
    </ClInclude>
    <ClInclude Include="..\..\..\..\source\libs\ClientLib\src\xlib.h">
      <Filter>Header Files</Filter>
    </ClInclude>
    <ClInclude Include="..\..\..\..\source\libs\ClientLib\src\IFNapThe.h">
      <Filter>Header Files</Filter>
    </ClInclude>
    <ClInclude Include="..\..\..\..\source\libs\ClientLib\src\NotificationHandler.h">
      <Filter>Header Files</Filter>
    </ClInclude>
    <ClInclude Include="..\..\..\..\source\libs\ClientLib\src\CMsgStreamBuffer.h">
      <Filter>Header Files</Filter>
    </ClInclude>
    <ClInclude Include="..\..\..\..\source\libs\ClientLib\src\IFCheckBox.h">
      <Filter>Header Files</Filter>
    </ClInclude>
    <ClInclude Include="..\..\..\..\source\libs\ClientLib\src\IFChatOptionBoard.h">
      <Filter>Header Files</Filter>
    </ClInclude>
    <ClInclude Include="..\..\..\..\source\libs\ClientLib\src\IFNormalTile.h">
      <Filter>Header Files</Filter>
    </ClInclude>
    <ClInclude Include="..\..\..\..\source\libs\ClientLib\src\IFDANGKYEVENT.h">
      <Filter>Header Files</Filter>
    </ClInclude>
    <ClInclude Include="..\..\..\..\source\libs\ClientLib\src\IFDailyLoginIcon.h">
      <Filter>Header Files</Filter>
    </ClInclude>
    <ClInclude Include="..\..\..\..\source\libs\ClientLib\src\IFSlotWithHelpForPackage.h">
      <Filter>Header Files</Filter>
    </ClInclude>
    <ClInclude Include="..\..\..\..\source\libs\ClientLib\src\ICCos.h">
      <Filter>Header Files</Filter>
    </ClInclude>
    <ClInclude Include="..\..\..\..\source\libs\ClientLib\src\IFTest.h">
      <Filter>Header Files</Filter>
    </ClInclude>
    <ClInclude Include="..\..\..\..\source\libs\ClientLib\src\IFWholeChat.h">
      <Filter>Header Files</Filter>
    </ClInclude>
    <ClInclude Include="..\..\..\..\source\libs\ClientLib\src\CInterfaceNetSender.h">
      <Filter>Header Files</Filter>
    </ClInclude>
    <ClInclude Include="..\..\..\..\source\libs\ClientLib\src\IFflorian0Runtime.h">
      <Filter>Header Files</Filter>
    </ClInclude>
    <ClInclude Include="..\..\..\..\source\libs\ClientLib\src\IFSTChest.h">
      <Filter>Header Files</Filter>
    </ClInclude>
    <ClInclude Include="..\..\..\..\source\libs\ClientLib\src\IFSTChestSlotList.h">
      <Filter>Header Files</Filter>
    </ClInclude>
    <ClInclude Include="..\..\..\..\source\libs\ClientLib\src\IFSTChestSlot.h">
      <Filter>Header Files</Filter>
    </ClInclude>
    <ClInclude Include="..\..\..\..\source\libs\ClientLib\src\IFSpinControl.h">
      <Filter>Header Files</Filter>
    </ClInclude>
    <ClInclude Include="..\..\..\..\source\libs\ClientLib\src\IFSTOldLogin.h">
      <Filter>Header Files</Filter>
    </ClInclude>
    <ClInclude Include="..\..\..\..\source\libs\ClientLib\src\Packet.h">
      <Filter>Header Files</Filter>
    </ClInclude>
    <ClInclude Include="..\..\..\..\source\libs\ClientLib\src\memhelp.h">
      <Filter>Header Files</Filter>
    </ClInclude>
    <ClInclude Include="..\..\..\..\source\libs\ClientLib\src\IFSTChangeGrantName.h">
      <Filter>Header Files</Filter>
    </ClInclude>
    <ClInclude Include="..\..\..\..\source\libs\ClientLib\src\IFSTDpsMetter.h">
      <Filter>Header Files</Filter>
    </ClInclude>
    <ClInclude Include="..\..\..\..\source\libs\ClientLib\src\IFSTCharLock.h">
      <Filter>Header Files</Filter>
    </ClInclude>
    <ClInclude Include="..\..\..\..\source\libs\ClientLib\src\IFSTUniqueHistory.h">
      <Filter>Header Files</Filter>
    </ClInclude>
    <ClInclude Include="..\..\..\..\source\libs\ClientLib\src\IFSTUniqueHistorySlotList.h">
      <Filter>Header Files</Filter>
    </ClInclude>
    <ClInclude Include="..\..\..\..\source\libs\ClientLib\src\IFSTUniqueHistorySlot.h">
      <Filter>Header Files</Filter>
    </ClInclude>
    <ClInclude Include="..\..\..\..\source\libs\ClientLib\src\Rebot.h">
      <Filter>Header Files</Filter>
    </ClInclude>
    <ClInclude Include="..\..\..\..\source\libs\ClientLib\src\Skill.h">
      <Filter>Header Files</Filter>
    </ClInclude>
    <ClInclude Include="..\..\..\..\source\libs\ClientLib\src\ChatViewerItemAction.h">
      <Filter>Header Files</Filter>
    </ClInclude>
    <ClInclude Include="..\..\..\..\source\libs\ClientLib\src\GameDataExt.h">
      <Filter>Header Files</Filter>
    </ClInclude>
    <ClInclude Include="..\..\..\..\source\libs\ClientLib\src\IFSTSwitchTitle.h">
      <Filter>Header Files</Filter>
    </ClInclude>
    <ClInclude Include="..\..\..\..\source\libs\ClientLib\src\IFSTCustomTitle.h">
      <Filter>Header Files</Filter>
    </ClInclude>
    <ClInclude Include="..\..\..\..\source\libs\ClientLib\src\IFSTConfirm.h">
      <Filter>Header Files</Filter>
    </ClInclude>
    <ClInclude Include="..\..\..\..\source\libs\ClientLib\src\IFSTCustomRank.h">
      <Filter>Header Files</Filter>
    </ClInclude>
    <ClInclude Include="..\..\..\..\source\libs\ClientLib\src\IFSTCustomRankList.h">
      <Filter>Header Files</Filter>
    </ClInclude>
    <ClInclude Include="..\..\..\..\source\libs\ClientLib\src\IFSTCustomRankSlot.h">
      <Filter>Header Files</Filter>
    </ClInclude>
    <ClInclude Include="..\..\..\..\source\libs\ClientLib\src\IFSTTaiXiu.h">
      <Filter>Header Files</Filter>
    </ClInclude>
    <ClInclude Include="..\..\..\..\source\libs\ClientLib\src\ICharactor_Class1.h">
      <Filter>Header Files</Filter>
    </ClInclude>
    <ClInclude Include="..\..\..\..\source\libs\ClientLib\src\ICharactor_Class2.h">
      <Filter>Header Files</Filter>
    </ClInclude>
    <ClInclude Include="..\..\..\..\source\libs\ClientLib\src\ICharactor_Class3.h">
      <Filter>Header Files</Filter>
    </ClInclude>
    <ClInclude Include="..\..\..\..\source\libs\ClientLib\src\ICharactor_Class4.h">
      <Filter>Header Files</Filter>
    </ClInclude>
    <ClInclude Include="..\..\..\..\source\libs\ClientLib\src\IFSTChestIcon.h">
      <Filter>Header Files</Filter>
    </ClInclude>
    <ClInclude Include="..\..\..\..\source\libs\ClientLib\src\IFSTEventTime.h">
      <Filter>Header Files</Filter>
    </ClInclude>
    <ClInclude Include="..\..\..\..\source\libs\ClientLib\src\IFSTEventTimeSlot.h">
      <Filter>Header Files</Filter>
    </ClInclude>
    <ClInclude Include="..\..\..\..\source\libs\ClientLib\src\IFSTEventTimeSlotList.h">
      <Filter>Header Files</Filter>
    </ClInclude>
    <ClInclude Include="..\..\..\..\source\libs\ClientLib\src\IFSTSurvivalKills.h">
      <Filter>Header Files</Filter>
    </ClInclude>
    <ClInclude Include="..\..\..\..\source\libs\ClientLib\src\IFSTDailyLogin.h">
      <Filter>Header Files</Filter>
    </ClInclude>
    <ClInclude Include="..\..\..\..\source\libs\ClientLib\src\IFSTTotalPoints.h">
      <Filter>Header Files</Filter>
    </ClInclude>
    <ClInclude Include="..\..\..\..\source\libs\ClientLib\src\IFSTTotalPointSlot.h">
      <Filter>Header Files</Filter>
    </ClInclude>
    <ClInclude Include="..\..\..\..\source\libs\ClientLib\src\IFSTTotalPointSlotList.h">
      <Filter>Header Files</Filter>
    </ClInclude>
    <ClInclude Include="..\..\..\..\source\libs\ClientLib\src\IFSTEventRegister.h">
      <Filter>Header Files</Filter>
    </ClInclude>
    <ClInclude Include="..\..\..\..\source\libs\ClientLib\src\IFSTEventRegisterSlot.h">
      <Filter>Header Files</Filter>
    </ClInclude>
    <ClInclude Include="..\..\..\..\source\libs\ClientLib\src\IFSTEventRegisterSlotList.h">
      <Filter>Header Files</Filter>
    </ClInclude>
    <ClInclude Include="..\..\..\..\source\libs\ClientLib\src\IFSTEventXoSoMienBac.h">
      <Filter>Header Files</Filter>
    </ClInclude>
    <ClInclude Include="..\..\..\..\source\libs\ClientLib\src\IFSTEventXoSoMienBacLichSu.h">
      <Filter>Header Files</Filter>
    </ClInclude>
    <ClInclude Include="..\..\..\..\source\libs\ClientLib\src\IFSTEventXoSoMienBacLichSuSlot.h">
      <Filter>Header Files</Filter>
    </ClInclude>
    <ClInclude Include="..\..\..\..\source\libs\ClientLib\src\IFSTEventXoSoMienBacLichSuSlotList.h">
      <Filter>Header Files</Filter>
    </ClInclude>
    <ClInclude Include="..\..\..\..\source\libs\ClientLib\src\IFSTLotteryEvent.h">
      <Filter>Header Files</Filter>
    </ClInclude>
    <ClInclude Include="..\..\..\..\source\libs\ClientLib\src\IFSTPvpChallenge.h">
      <Filter>Header Files</Filter>
    </ClInclude>
    <ClInclude Include="..\..\..\..\source\libs\ClientLib\src\IFSTPvpChallengeAnswer.h">
      <Filter>Header Files</Filter>
    </ClInclude>
    <ClInclude Include="..\..\..\..\source\libs\ClientLib\src\NIFWorldMap.h">
      <Filter>Header Files</Filter>
    </ClInclude>
    <ClInclude Include="..\..\..\..\source\libs\ClientLib\src\AnimationCallback.h">
      <Filter>Header Files</Filter>
    </ClInclude>
    <ClInclude Include="..\..\..\..\source\libs\ClientLib\src\CObjAnimation.h">
      <Filter>Header Files</Filter>
    </ClInclude>
    <ClInclude Include="..\..\..\..\source\libs\ClientLib\src\CompSimple.h">
      <Filter>Header Files</Filter>
    </ClInclude>
    <ClInclude Include="..\..\..\..\source\libs\ClientLib\src\PSCharacterSelect.h">
      <Filter>Header Files</Filter>
    </ClInclude>
    <ClInclude Include="..\..\..\..\source\libs\ClientLib\src\World.h">
      <Filter>Header Files</Filter>
    </ClInclude>
    <ClInclude Include="..\..\..\..\source\libs\ClientLib\src\Keyframe.h">
      <Filter>Header Files</Filter>
    </ClInclude>
    <ClInclude Include="..\..\..\..\source\libs\ClientLib\src\IFChatWndCtrl.h">
      <Filter>Header Files</Filter>
    </ClInclude>
    <ClInclude Include="..\..\..\..\source\libs\ClientLib\src\IFMessageBoxButton.h">
      <Filter>Header Files</Filter>
    </ClInclude>
    <ClInclude Include="..\..\..\..\source\libs\ClientLib\src\IFMessageBox.h">
      <Filter>Header Files</Filter>
    </ClInclude>
    <ClInclude Include="..\..\..\..\source\libs\ClientLib\src\MemoryHelper.h">
      <Filter>Header Files</Filter>
    </ClInclude>
    <ClInclude Include="..\..\..\..\source\libs\ClientLib\src\IFSTCharacterIcons.h">
      <Filter>Header Files</Filter>
    </ClInclude>
    <ClInclude Include="..\..\..\..\source\libs\ClientLib\src\UserGuildInfo.h">
      <Filter>Header Files</Filter>
    </ClInclude>
    <ClInclude Include="..\..\..\..\source\libs\ClientLib\src\PartyData.h">
      <Filter>Header Files</Filter>
    </ClInclude>
    <ClInclude Include="..\..\..\..\source\libs\ClientLib\src\PartyMemberData.h">
      <Filter>Header Files</Filter>
    </ClInclude>
    <ClInclude Include="..\..\..\..\source\libs\ClientLib\src\IFSTReverseScrollPlus.h">
      <Filter>Header Files</Filter>
    </ClInclude>
    <ClInclude Include="..\..\..\..\source\libs\ClientLib\src\IFSTReverseScrollPlusSlotList.h">
      <Filter>Header Files</Filter>
    </ClInclude>
    <ClInclude Include="..\..\..\..\source\libs\ClientLib\src\IFSTReverseScrollPlusSlot.h">
      <Filter>Header Files</Filter>
    </ClInclude>
    <ClInclude Include="..\..\..\..\source\libs\ClientLib\src\IFSTFTWCounter.h">
      <Filter>Header Files</Filter>
    </ClInclude>
    <ClInclude Include="..\..\..\..\source\libs\ClientLib\src\IFSTCustomNPC.h">
      <Filter>Header Files</Filter>
    </ClInclude>
    <ClInclude Include="..\..\..\..\source\libs\ClientLib\src\IFSTCustomNPCList.h">
      <Filter>Header Files</Filter>
    </ClInclude>
    <ClInclude Include="..\..\..\..\source\libs\ClientLib\src\IFSTCustomNPCSlot.h">
      <Filter>Header Files</Filter>
    </ClInclude>
    <ClInclude Include="..\..\..\..\source\libs\ClientLib\src\IFSTCharItemInfo.h">
      <Filter>Header Files</Filter>
    </ClInclude>
    <ClInclude Include="..\..\..\..\source\libs\ClientLib\src\Pathfinder.h">
      <Filter>Header Files</Filter>
    </ClInclude>
    <ClInclude Include="..\..\..\..\source\libs\ClientLib\src\Node.h">
      <Filter>Header Files</Filter>
    </ClInclude>
    <ClInclude Include="..\..\..\..\source\libs\ClientLib\src\node_set.h">
      <Filter>Header Files</Filter>
    </ClInclude>
    <ClInclude Include="..\..\..\..\source\libs\ClientLib\src\IFSTExtraFeature.h">
      <Filter>Header Files</Filter>
    </ClInclude>
    <ClInclude Include="..\..\..\..\source\libs\ClientLib\src\OptimizeCloth.h">
      <Filter>Header Files</Filter>
    </ClInclude>
    <ClInclude Include="..\..\..\..\source\libs\ClientLib\src\ICharInfo.h">
      <Filter>Header Files</Filter>
    </ClInclude>
    <ClInclude Include="..\..\..\..\source\libs\ClientLib\src\ChatItemLink.h">
      <Filter>Header Files</Filter>
    </ClInclude>
    <ClInclude Include="..\..\..\..\source\libs\ClientLib\src\IFReBotIcon.h">
      <Filter>Header Files</Filter>
    </ClInclude>
    <ClInclude Include="..\..\..\..\source\libs\ClientLib\src\IItem.h">
      <Filter>Header Files</Filter>
    </ClInclude>
    <ClInclude Include="..\..\..\..\source\libs\ClientLib\src\IFSTPetFilter.h">
      <Filter>Header Files</Filter>
    </ClInclude>
    <ClInclude Include="..\..\..\..\source\libs\ClientLib\src\IFCOS.h">
      <Filter>Header Files</Filter>
    </ClInclude>
    <ClInclude Include="..\..\..\..\source\libs\ClientLib\src\IFCOSSetup.h">
      <Filter>Header Files</Filter>
    </ClInclude>
    <ClInclude Include="..\..\..\..\source\libs\ClientLib\src\IFSliderCtrl.h">
      <Filter>Header Files</Filter>
    </ClInclude>
    <ClInclude Include="..\..\..\..\source\libs\ClientLib\src\CharacterStatistics.h">
      <Filter>Header Files</Filter>
    </ClInclude>
    <ClInclude Include="..\..\..\..\source\libs\ClientLib\src\HWID Manager\utility.h">
      <Filter>Header Files</Filter>
    </ClInclude>
    <ClInclude Include="..\..\..\..\source\libs\ClientLib\src\HWID Manager\memmgr.h">
      <Filter>Header Files</Filter>
    </ClInclude>
    <ClInclude Include="..\..\..\..\source\libs\ClientLib\src\HWID Manager\md5.h">
      <Filter>Header Files</Filter>
    </ClInclude>
    <ClInclude Include="..\..\..\..\source\libs\ClientLib\src\HWID Manager\hwidmgr.h">
      <Filter>Header Files</Filter>
    </ClInclude>
    <ClInclude Include="..\..\..\..\source\libs\ClientLib\src\HWID Manager\CPacket.h">
      <Filter>Header Files</Filter>
    </ClInclude>
    <ClInclude Include="..\..\..\..\source\libs\ClientLib\src\HWID Manager\CEncryption.h">
      <Filter>Header Files</Filter>
    </ClInclude>
    <ClInclude Include="..\..\..\..\source\libs\ClientLib\src\HWID Manager\common.h">
      <Filter>Header Files</Filter>
    </ClInclude>
    <ClInclude Include="..\..\..\..\source\libs\ClientLib\src\HWID Manager\LoadHWID.h">
      <Filter>Header Files</Filter>
    </ClInclude>
    <ClInclude Include="..\..\..\..\source\libs\ClientLib\src\HWID\base64.h">
      <Filter>Header Files</Filter>
    </ClInclude>
    <ClInclude Include="..\..\..\..\source\libs\ClientLib\src\HWID\Base64Encode.h">
      <Filter>Header Files</Filter>
    </ClInclude>
    <ClInclude Include="..\..\..\..\source\libs\ClientLib\src\HWID\HawidManager.h">
      <Filter>Header Files</Filter>
    </ClInclude>
    <ClInclude Include="..\..\..\..\source\libs\ClientLib\src\HWID\md5.h">
      <Filter>Header Files</Filter>
    </ClInclude>
    <ClInclude Include="..\..\..\..\source\libs\ClientLib\src\IFPartyMatchReqJoin.h">
      <Filter>Header Files</Filter>
    </ClInclude>
    <ClInclude Include="..\..\..\..\source\libs\ClientLib\src\IFPartyMatch.h">
      <Filter>Header Files</Filter>
    </ClInclude>
    <ClInclude Include="..\..\..\..\source\libs\ClientLib\src\IFSTStreamSetting.h">
      <Filter>Header Files</Filter>
    </ClInclude>
    <ClInclude Include="..\..\..\..\source\libs\ClientLib\src\IFSTStremSettingIcon.h">
      <Filter>Header Files</Filter>
    </ClInclude>
    <ClInclude Include="..\..\..\..\source\libs\ClientLib\src\IFTargetWindowJobPlayer.h">
      <Filter>Header Files</Filter>
    </ClInclude>
    <ClInclude Include="..\..\..\..\source\libs\ClientLib\src\IFBuffViewer.h">
      <Filter>Header Files</Filter>
    </ClInclude>
    <ClInclude Include="..\..\..\..\source\libs\ClientLib\src\IFTargetWindowPlayer.h">
      <Filter>Header Files</Filter>
    </ClInclude>
    <ClInclude Include="..\..\..\..\source\libs\ClientLib\src\IFTargetWindowCommonEnemy.h">
      <Filter>Header Files</Filter>
    </ClInclude>
    <ClInclude Include="..\..\..\..\source\libs\ClientLib\src\IFTargetWindowFortressStructure.h">
      <Filter>Header Files</Filter>
    </ClInclude>
    <ClInclude Include="..\..\..\..\source\libs\ClientLib\src\IFTargetWindowSpecialMob.h">
      <Filter>Header Files</Filter>
    </ClInclude>
    <ClInclude Include="..\..\..\..\source\libs\ClientLib\src\IFTargetWindow.h">
      <Filter>Header Files</Filter>
    </ClInclude>
    <ClInclude Include="..\..\..\..\source\libs\ClientLib\src\ICNonuser.h">
      <Filter>Header Files</Filter>
    </ClInclude>
    <ClInclude Include="..\..\..\..\source\libs\ClientLib\src\ICMonster.h">
      <Filter>Header Files</Filter>
    </ClInclude>
    <ClInclude Include="..\..\..\..\source\libs\ClientLib\src\IFSTConfimUrl.h">
      <Filter>Header Files</Filter>
    </ClInclude>
    <ClInclude Include="..\..\..\..\source\libs\ClientLib\src\NIFGuildWnd.h">
      <Filter>Header Files</Filter>
    </ClInclude>
    <ClInclude Include="..\..\..\..\source\libs\ClientLib\src\NIFButton.h">
      <Filter>Header Files</Filter>
    </ClInclude>
    <ClInclude Include="..\..\..\..\source\libs\ClientLib\src\IFMagicStateBoard.h">
      <Filter>Header Files</Filter>
    </ClInclude>
    <ClInclude Include="..\..\..\..\source\libs\ClientLib\src\IFSTMacro.h">
      <Filter>Header Files</Filter>
    </ClInclude>
    <ClInclude Include="..\..\..\..\source\libs\ClientLib\src\IFSTMacroAutoHunt.h">
      <Filter>Header Files</Filter>
    </ClInclude>
    <ClInclude Include="..\..\..\..\source\libs\ClientLib\src\IFPartyMatchSlot.h">
      <Filter>Header Files</Filter>
    </ClInclude>
    <ClInclude Include="..\..\..\..\source\libs\ClientLib\src\IFSTPartyMatchMemberViewer.h">
      <Filter>Header Files</Filter>
    </ClInclude>
    <ClInclude Include="..\..\..\..\source\libs\ClientLib\src\IFSTPartyMatchMemberViewerSlot.h">
      <Filter>Header Files</Filter>
    </ClInclude>
    <ClInclude Include="..\..\..\..\source\libs\ClientLib\src\IFSTPartyMatchMemberViewerSlotList.h">
      <Filter>Header Files</Filter>
    </ClInclude>
    <ClInclude Include="..\..\..\..\source\libs\ClientLib\src\IFExtQuickSlot.h">
      <Filter>Header Files</Filter>
    </ClInclude>
    <ClInclude Include="..\..\..\..\source\libs\ClientLib\src\IFExtQuickSlotSlot.h">
      <Filter>Header Files</Filter>
    </ClInclude>
    <ClInclude Include="..\..\..\..\source\libs\ClientLib\src\IFSlotWithHelpEx.h">
      <Filter>Header Files</Filter>
    </ClInclude>
    <ClInclude Include="..\..\..\..\source\libs\ClientLib\src\IFExtQuickSlotSecond.h">
      <Filter>Header Files</Filter>
    </ClInclude>
    <ClInclude Include="..\..\..\..\source\libs\ClientLib\src\IFExtQuickSlotOption.h">
      <Filter>Header Files</Filter>
    </ClInclude>
    <ClInclude Include="..\..\..\..\source\libs\ClientLib\src\IFExtQuickSecondSlotOption.h">
      <Filter>Header Files</Filter>
    </ClInclude>
    <ClInclude Include="..\..\..\..\source\libs\ClientLib\src\IFCircularMenuSlot.h">
      <Filter>Header Files</Filter>
    </ClInclude>
    <ClInclude Include="..\..\..\..\source\libs\ClientLib\src\IFCircularMenuFrame.h">
      <Filter>Header Files</Filter>
    </ClInclude>
    <ClInclude Include="..\..\..\..\source\libs\ClientLib\src\IFCircularMenu.h">
      <Filter>Header Files</Filter>
    </ClInclude>
    <ClInclude Include="..\..\..\..\source\libs\ClientLib\src\IFSTEffect.h">
      <Filter>Header Files</Filter>
    </ClInclude>
    <ClInclude Include="..\..\..\..\source\libs\ClientLib\src\NIFFrame.h">
      <Filter>Header Files</Filter>
    </ClInclude>
    <ClInclude Include="..\..\..\..\source\libs\ClientLib\src\NIFTileWnd.h">
      <Filter>Header Files</Filter>
    </ClInclude>
    <ClInclude Include="..\..\..\..\source\libs\ClientLib\src\NIFDragableArea.h">
      <Filter>Header Files</Filter>
    </ClInclude>
    <ClInclude Include="..\..\..\..\source\libs\ClientLib\src\NIFMainFrame.h">
      <Filter>Header Files</Filter>
    </ClInclude>
    <ClInclude Include="..\..\..\..\source\libs\ClientLib\src\NIFTextBoard.h">
      <Filter>Header Files</Filter>
    </ClInclude>
    <ClInclude Include="..\..\..\..\source\libs\ClientLib\src\IGIDObjectCustom.h">
      <Filter>Header Files</Filter>
    </ClInclude>
    <ClInclude Include="..\..\..\..\source\libs\ClientLib\src\NIRMManager.h">
      <Filter>Header Files</Filter>
    </ClInclude>
    <ClInclude Include="..\..\..\..\source\libs\ClientLib\src\IFCOSInfo.h">
      <Filter>Header Files</Filter>
    </ClInclude>
    <ClInclude Include="..\..\..\..\source\libs\ClientLib\src\IFCOSInventory.h">
      <Filter>Header Files</Filter>
    </ClInclude>
    <ClInclude Include="..\..\..\..\source\libs\ClientLib\src\IFPetMiniInfo.h">
      <Filter>Header Files</Filter>
    </ClInclude>
    <ClInclude Include="..\..\..\..\source\libs\ClientLib\src\IFSTMacroAutoBuffSlot.h">
      <Filter>Header Files</Filter>
    </ClInclude>
    <ClInclude Include="..\..\..\..\source\libs\ClientLib\src\IFSTMacroAutoBuffSlotList.h">
      <Filter>Header Files</Filter>
    </ClInclude>
    <ClInclude Include="..\..\..\..\source\libs\ClientLib\src\IFSTMacroAutoBuffSkillSlot.h">
      <Filter>Header Files</Filter>
    </ClInclude>
    <ClInclude Include="..\..\..\..\source\libs\ClientLib\src\IFSTMacroAutoBuffSkillSlotList.h">
      <Filter>Header Files</Filter>
    </ClInclude>
    <ClInclude Include="..\..\..\..\source\libs\ClientLib\src\IFSTMacroAutoBuffedSkillSlot.h">
      <Filter>Header Files</Filter>
    </ClInclude>
    <ClInclude Include="..\..\..\..\source\libs\ClientLib\src\IFSTMacroAutoBuffedSkillSlotList.h">
      <Filter>Header Files</Filter>
    </ClInclude>
    <ClInclude Include="..\..\..\..\source\libs\ClientLib\src\SilkRoadWeb\SilkroadWeb.h">
      <Filter>Header Files</Filter>
    </ClInclude>
    <ClInclude Include="..\..\..\..\source\libs\ClientLib\src\Data\GachaItemSetData.h">
      <Filter>Header Files</Filter>
    </ClInclude>
    <ClInclude Include="..\..\..\..\source\libs\ClientLib\src\IFSTBloodEffect.h">
      <Filter>Header Files</Filter>
    </ClInclude>
    <ClInclude Include="..\..\..\..\source\libs\ClientLib\src\IFSTBattleRoyaleKillCount.h">
      <Filter>Header Files</Filter>
    </ClInclude>
    <ClInclude Include="..\..\..\..\source\libs\ClientLib\src\Data\IItem.h">
      <Filter>Header Files</Filter>
    </ClInclude>
    <ClInclude Include="..\..\..\..\source\libs\ClientLib\src\DropItemManager.h">
      <Filter>Header Files</Filter>
    </ClInclude>
  </ItemGroup>
  <ItemGroup>
    <CustomBuild Include="..\..\..\..\source\libs\ClientLib\CMakeLists.txt" />
  </ItemGroup>
  <ItemGroup>
    <Filter Include="Header Files">
      <UniqueIdentifier>{B5F49498-5325-3029-B6BA-214E3A4A33FE}</UniqueIdentifier>
    </Filter>
    <Filter Include="Source Files">
      <UniqueIdentifier>{82D0ABF0-BB0C-365E-922D-81049699CF65}</UniqueIdentifier>
    </Filter>
  </ItemGroup>
</Project>
